<?xml version="1.0" encoding="utf-8"?>
<Project ToolsVersion="4.0" xmlns="http://schemas.microsoft.com/developer/msbuild/2003">
  <ItemGroup>
    <Filter Include="Header Files">
      <UniqueIdentifier>{93995380-89BD-4b04-88EB-625FBE52EBFB}</UniqueIdentifier>
      <Extensions>h;hh;hpp;hxx;h++;hm;inl;inc;ipp;xsd</Extensions>
    </Filter>
    <Filter Include="Resource Files">
      <UniqueIdentifier>{67DA6AB6-F800-4c08-8B7A-83BB121AAD01}</UniqueIdentifier>
      <Extensions>rc;ico;cur;bmp;dlg;rc2;rct;bin;rgs;gif;jpg;jpeg;jpe;resx;tiff;tif;png;wav;mfcribbon-ms</Extensions>
    </Filter>
    <Filter Include="DrawingApp">
      <UniqueIdentifier>{4FC737F1-C7A5-4376-A066-2A32D752A2FF}</UniqueIdentifier>
      <Extensions>cpp;c;cc;cxx;c++;cppm;ixx;def;odl;idl;hpj;bat;asm;asmx</Extensions>
    </Filter>
    <Filter Include="DrawingApp\Mesh">
      <UniqueIdentifier>{68c080e1-049f-4124-a97f-3c1838a48b55}</UniqueIdentifier>
    </Filter>
    <Filter Include="DrawingApp\Ant">
      <UniqueIdentifier>{d2cd52e7-ee27-4fbb-8d01-dd4831407abc}</UniqueIdentifier>
    </Filter>
    <Filter Include="DrawingApp\GUI">
      <UniqueIdentifier>{769c0569-2d49-45d4-b621-ee2ebfcf2c0e}</UniqueIdentifier>
    </Filter>
    <Filter Include="DrawingApp\WindowsFeatures">
      <UniqueIdentifier>{8a7a7c5c-2dad-44f0-b60d-364e325d7a10}</UniqueIdentifier>
    </Filter>
    <Filter Include="DrawingApp\InputParser">
      <UniqueIdentifier>{a12bebd5-6dfe-47e9-ba0d-4a17d6963958}</UniqueIdentifier>
    </Filter>
  </ItemGroup>
  <ItemGroup>
    <ClCompile Include="Main.cpp">
      <Filter>DrawingApp</Filter>
    </ClCompile>
    <ClCompile Include="Mesh.cpp">
      <Filter>DrawingApp\Mesh</Filter>
    </ClCompile>
    <ClCompile Include="Ant.cpp">
      <Filter>DrawingApp\Ant</Filter>
    </ClCompile>
    <ClCompile Include="GUIBase.cpp">
      <Filter>DrawingApp\GUI</Filter>
    </ClCompile>
    <ClCompile Include="GUIAnt.cpp">
      <Filter>DrawingApp\GUI</Filter>
    </ClCompile>
    <ClCompile Include="InputParser.cpp">
      <Filter>DrawingApp\InputParser</Filter>
    </ClCompile>
    <ClCompile Include="WindowsFeatures.cpp">
      <Filter>DrawingApp\WindowsFeatures</Filter>
    </ClCompile>
    <ClCompile Include="MeshBase.cpp">
      <Filter>DrawingApp\Mesh</Filter>
    </ClCompile>
    <ClCompile Include="MeshMega.cpp">
      <Filter>DrawingApp\Mesh</Filter>
    </ClCompile>
  </ItemGroup>
  <ItemGroup>
    <ClInclude Include="Mesh.hpp">
      <Filter>DrawingApp\Mesh</Filter>
    </ClInclude>
    <ClInclude Include="Ant.hpp">
      <Filter>DrawingApp\Ant</Filter>
    </ClInclude>
    <ClInclude Include="GUIBase.hpp">
      <Filter>DrawingApp\GUI</Filter>
    </ClInclude>
    <ClInclude Include="GUIAnt.hpp">
      <Filter>DrawingApp\GUI</Filter>
    </ClInclude>
    <ClInclude Include="InputParser.hpp">
      <Filter>DrawingApp\InputParser</Filter>
    </ClInclude>
    <ClInclude Include="WindowsFeatures.hpp">
      <Filter>DrawingApp\WindowsFeatures</Filter>
    </ClInclude>
    <ClInclude Include="DrawingAppConstants.hpp">
      <Filter>DrawingApp</Filter>
    </ClInclude>
    <ClInclude Include="MeshBase.hpp">
      <Filter>DrawingApp\Mesh</Filter>
    </ClInclude>
    <ClInclude Include="MeshMega.hpp">
      <Filter>DrawingApp\Mesh</Filter>
    </ClInclude>
  </ItemGroup>
  <ItemGroup>
    <None Include="FragmentShader.frag">
      <Filter>DrawingApp</Filter>
    </None>
  </ItemGroup>
</Project>